
Microsoft Visual Studio Solution File, Format Version 12.00
# Visual Studio Version 17
VisualStudioVersion = 17.11.35312.102
MinimumVisualStudioVersion = 10.0.40219.1
Project("{9A19103F-16F7-4668-BE54-9A1E7A4F7556}") = "DomainWatchDog", "DomainWatchDog\DomainWatchDog.csproj", "{7E9E474C-9F44-4DB0-BDCA-991DDADD9B2D}"
EndProject
Project("{9A19103F-16F7-4668-BE54-9A1E7A4F7556}") = "LoggingHandler", "RSyslogHandler\LoggingHandler.csproj", "{FE7710C9-5DD3-4897-B395-8FF96CB39874}"
EndProject
Project("{9A19103F-16F7-4668-BE54-9A1E7A4F7556}") = "DNSResolver", "DNSResolver\DNSResolver.csproj", "{D191B164-C5C9-4626-93C0-0A4C337D6F9B}"
EndProject
Project("{2150E333-8FDC-42A3-9474-1A3956D46DE8}") = "Solution Items", "Solution Items", "{0BE70B02-B24C-4125-9618-83E390728E57}"
	ProjectSection(SolutionItems) = preProject
		detection_config.yaml = detection_config.yaml
		Dockerfile = Dockerfile
	EndProjectSection
EndProject
Global
	GlobalSection(SolutionConfigurationPlatforms) = preSolution
		Debug|Any CPU = Debug|Any CPU
		Release|Any CPU = Release|Any CPU
	EndGlobalSection
	GlobalSection(ProjectConfigurationPlatforms) = postSolution
		{7E9E474C-9F44-4DB0-BDCA-991DDADD9B2D}.Debug|Any CPU.ActiveCfg = Debug|Any CPU
		{7E9E474C-9F44-4DB0-BDCA-991DDADD9B2D}.Debug|Any CPU.Build.0 = Debug|Any CPU
		{7E9E474C-9F44-4DB0-BDCA-991DDADD9B2D}.Release|Any CPU.ActiveCfg = Release|Any CPU
		{7E9E474C-9F44-4DB0-BDCA-991DDADD9B2D}.Release|Any CPU.Build.0 = Release|Any CPU
		{FE7710C9-5DD3-4897-B395-8FF96CB39874}.Debug|Any CPU.ActiveCfg = Debug|Any CPU
		{FE7710C9-5DD3-4897-B395-8FF96CB39874}.Debug|Any CPU.Build.0 = Debug|Any CPU
		{FE7710C9-5DD3-4897-B395-8FF96CB39874}.Release|Any CPU.ActiveCfg = Release|Any CPU
		{FE7710C9-5DD3-4897-B395-8FF96CB39874}.Release|Any CPU.Build.0 = Release|Any CPU
		{D191B164-C5C9-4626-93C0-0A4C337D6F9B}.Debug|Any CPU.ActiveCfg = Debug|Any CPU
		{D191B164-C5C9-4626-93C0-0A4C337D6F9B}.Debug|Any CPU.Build.0 = Debug|Any CPU
		{D191B164-C5C9-4626-93C0-0A4C337D6F9B}.Release|Any CPU.ActiveCfg = Release|Any CPU
		{D191B164-C5C9-4626-93C0-0A4C337D6F9B}.Release|Any CPU.Build.0 = Release|Any CPU
	EndGlobalSection
	GlobalSection(SolutionProperties) = preSolution
		HideSolutionNode = FALSE
	EndGlobalSection
	GlobalSection(ExtensibilityGlobals) = postSolution
		SolutionGuid = {436E66E7-4BE6-4284-826D-0AD93FE4185D}
	EndGlobalSection
EndGlobal
